# @generated - this file is auto-generated by `mise lock` https://mise.jdx.dev/dev-tools/mise-lock.html

lockfile_version = 1

[[tools.hugo-extended]]
version = "0.115.1"
backend = "aqua:gohugoio/hugo/hugo-extended"
specifiers = ["0.115.1"]

[tools.hugo-extended."platforms.linux-arm64"]
checksum = "sha256:44a79e10334fc462f769437ac66162d097f69e9488f97b2c98ee51fbf97ac536"
url = "https://github.com/gohugoio/hugo/releases/download/v0.115.1/hugo_extended_0.115.1_linux-arm64.tar.gz"
url_api = "https://api.github.com/repos/gohugoio/hugo/releases/assets/115409389"

[tools.hugo-extended."platforms.linux-arm64-musl"]
checksum = "sha256:44a79e10334fc462f769437ac66162d097f69e9488f97b2c98ee51fbf97ac536"
url = "https://github.com/gohugoio/hugo/releases/download/v0.115.1/hugo_extended_0.115.1_linux-arm64.tar.gz"
url_api = "https://api.github.com/repos/gohugoio/hugo/releases/assets/115409389"

[tools.hugo-extended."platforms.linux-x64"]
checksum = "sha256:54dda1d6b474c09b9ea09a3ab1d6a8700e94b2a1a188a94ce7204d46feb505b7"
url = "https://github.com/gohugoio/hugo/releases/download/v0.115.1/hugo_extended_0.115.1_linux-amd64.tar.gz"
url_api = "https://api.github.com/repos/gohugoio/hugo/releases/assets/115409384"

[tools.hugo-extended."platforms.linux-x64-musl"]
checksum = "sha256:54dda1d6b474c09b9ea09a3ab1d6a8700e94b2a1a188a94ce7204d46feb505b7"
url = "https://github.com/gohugoio/hugo/releases/download/v0.115.1/hugo_extended_0.115.1_linux-amd64.tar.gz"
url_api = "https://api.github.com/repos/gohugoio/hugo/releases/assets/115409384"

[tools.hugo-extended."platforms.macos-arm64"]
checksum = "sha256:1e4e7ad7c1d5af59c0f311b0e83fa7776e2731acc2e2c71630d1c32c59ecea61"
url = "https://github.com/gohugoio/hugo/releases/download/v0.115.1/hugo_extended_0.115.1_darwin-universal.tar.gz"
url_api = "https://api.github.com/repos/gohugoio/hugo/releases/assets/115409382"

[tools.hugo-extended."platforms.macos-x64"]
checksum = "sha256:1e4e7ad7c1d5af59c0f311b0e83fa7776e2731acc2e2c71630d1c32c59ecea61"
url = "https://github.com/gohugoio/hugo/releases/download/v0.115.1/hugo_extended_0.115.1_darwin-universal.tar.gz"
url_api = "https://api.github.com/repos/gohugoio/hugo/releases/assets/115409382"

[tools.hugo-extended."platforms.windows-x64"]
checksum = "sha256:6755dff4a4beaefc0c407ca69290abed86bc9adb48e8140878614fe5dac11dad"
url = "https://github.com/gohugoio/hugo/releases/download/v0.115.1/hugo_extended_0.115.1_windows-amd64.zip"
url_api = "https://api.github.com/repos/gohugoio/hugo/releases/assets/115409392"

[[tools.node]]
version = "22.18.0"
backend = "core:node"
specifiers = ["22.18.0"]

[tools.node."platforms.linux-arm64"]
checksum = "sha256:d415eeea90a2fdb60c66dd386b258acbfc4d1fa4720a8df5dea7369fbdbcddee"
url = "https://nodejs.org/dist/v22.18.0/node-v22.18.0-linux-arm64.tar.gz"

[tools.node."platforms.linux-arm64-musl"]
checksum = "sha256:26247ff9a75ac13f6dac7e07dca6172314554dcf20761675c5435f1e84e6c4b2"
url = "https://nodejs.org/dist/v22.18.0/node-v22.18.0.tar.gz"
install = "source"

[tools.node."platforms.linux-x64"]
checksum = "sha256:a2e703725d8683be86bb5da967bf8272f4518bdaf10f21389e2b2c9eaeae8c8a"
url = "https://nodejs.org/dist/v22.18.0/node-v22.18.0-linux-x64.tar.gz"

[tools.node."platforms.linux-x64-musl"]
checksum = "sha256:f003a46068ee8dc258145ff68f52d06951ccf97bb934ce46114322653ad35c79"
url = "https://unofficial-builds.nodejs.org/download/release/v22.18.0/node-v22.18.0-linux-x64-musl.tar.gz"

[tools.node."platforms.macos-arm64"]
checksum = "sha256:2c12913cba67af77ded8a399df3fd91c2e7f8628c7079da40bb9ff33bf00dfc0"
url = "https://nodejs.org/dist/v22.18.0/node-v22.18.0-darwin-arm64.tar.gz"

[tools.node."platforms.macos-x64"]
checksum = "sha256:9c8aa1e5ff5780b38cc1134e2263d84e2f4308eb84c02515e3af33936ca02cdc"
url = "https://nodejs.org/dist/v22.18.0/node-v22.18.0-darwin-x64.tar.gz"

[tools.node."platforms.windows-x64"]
checksum = "sha256:c95d8a7e1c99e669cc08c9f1176e068c1f50847c37908fcb8c35b62482366511"
url = "https://nodejs.org/dist/v22.18.0/node-v22.18.0-win-x64.zip"
